PODS:
  - background_downloader (0.0.1):
    - Flutter
  - Flutter (1.0.0)
  - flutter_gemma (0.11.8):
    - Flutter
    - MediaPipeTasksGenAI (= 0.10.24)
    - MediaPipeTasksGenAIC (= 0.10.24)
    - TensorFlowLiteC (= 0.0.1-nightly.20250619)
    - TensorFlowLiteSelectTfOps (= 0.0.1-nightly.20250619)
    - TensorFlowLiteSwift (= 0.0.1-nightly.20250619)
  - image_picker_ios (0.0.1):
    - Flutter
  - large_file_handler (0.0.1):
    - Flutter
  - MediaPipeTasksGenAI (0.10.24):
    - MediaPipeTasksGenAIC (= 0.10.24)
  - MediaPipeTasksGenAIC (0.10.24)
  - package_info_plus (0.4.5):
    - Flutter
  - path_provider_foundation (0.0.1):
    - Flutter
    - FlutterMacOS
  - share_plus (0.0.1):
    - Flutter
  - shared_preferences_foundation (0.0.1):
    - Flutter
    - FlutterMacOS
  - sqflite_darwin (0.0.4):
    - Flutter
    - FlutterMacOS
  - TensorFlowLiteC (0.0.1-nightly.20250619):
    - TensorFlowLiteC/Core (= 0.0.1-nightly.20250619)
  - TensorFlowLiteC/Core (0.0.1-nightly.20250619)
  - TensorFlowLiteSelectTfOps (0.0.1-nightly.20250619)
  - TensorFlowLiteSwift (0.0.1-nightly.20250619):
    - TensorFlowLiteSwift/Core (= 0.0.1-nightly.20250619)
  - TensorFlowLiteSwift/Core (0.0.1-nightly.20250619):
    - TensorFlowLiteC (= 0.0.1-nightly.20250619)
    - TensorFlowLiteSwift/Privacy (= 0.0.1-nightly.20250619)
  - TensorFlowLiteSwift/Privacy (0.0.1-nightly.20250619)

DEPENDENCIES:
  - background_downloader (from `.symlinks/plugins/background_downloader/ios`)
  - Flutter (from `Flutter`)
  - flutter_gemma (from `.symlinks/plugins/flutter_gemma/ios`)
  - image_picker_ios (from `.symlinks/plugins/image_picker_ios/ios`)
  - large_file_handler (from `.symlinks/plugins/large_file_handler/ios`)
  - package_info_plus (from `.symlinks/plugins/package_info_plus/ios`)
  - path_provider_foundation (from `.symlinks/plugins/path_provider_foundation/darwin`)
  - share_plus (from `.symlinks/plugins/share_plus/ios`)
  - shared_preferences_foundation (from `.symlinks/plugins/shared_preferences_foundation/darwin`)
  - sqflite_darwin (from `.symlinks/plugins/sqflite_darwin/darwin`)

SPEC REPOS:
  trunk:
    - MediaPipeTasksGenAI
    - MediaPipeTasksGenAIC
    - TensorFlowLiteC
    - TensorFlowLiteSelectTfOps
    - TensorFlowLiteSwift

EXTERNAL SOURCES:
  background_downloader:
    :path: ".symlinks/plugins/background_downloader/ios"
  Flutter:
    :path: Flutter
  flutter_gemma:
    :path: ".symlinks/plugins/flutter_gemma/ios"
  image_picker_ios:
    :path: ".symlinks/plugins/image_picker_ios/ios"
  large_file_handler:
    :path: ".symlinks/plugins/large_file_handler/ios"
  package_info_plus:
    :path: ".symlinks/plugins/package_info_plus/ios"
  path_provider_foundation:
    :path: ".symlinks/plugins/path_provider_foundation/darwin"
  share_plus:
    :path: ".symlinks/plugins/share_plus/ios"
  shared_preferences_foundation:
    :path: ".symlinks/plugins/shared_preferences_foundation/darwin"
  sqflite_darwin:
    :path: ".symlinks/plugins/sqflite_darwin/darwin"

SPEC CHECKSUMS:
  background_downloader: 50e91d979067b82081aba359d7d916b3ba5fadad
  Flutter: cabc95a1d2626b1b06e7179b784ebcf0c0cde467
  flutter_gemma: ee7aab59c56a6eba8e9b8659d704a8393ae5a3ae
  image_picker_ios: e0ece4aa2a75771a7de3fa735d26d90817041326
  large_file_handler: b37481e9b4972562ffcdc8f75700f47cd592bcec
  MediaPipeTasksGenAI: 076ba7032a6e9da16db9c7cf0c3b67c751c18bc1
  MediaPipeTasksGenAIC: ec35d9f431f6a6b651a0bc9f67a4ed149ffa575c
  package_info_plus: af8e2ca6888548050f16fa2f1938db7b5a5df499
  path_provider_foundation: bb55f6dbba17d0dccd6737fe6f7f34fbd0376880
  share_plus: 50da8cb520a8f0f65671c6c6a99b3617ed10a58a
  shared_preferences_foundation: 7036424c3d8ec98dfe75ff1667cb0cd531ec82bb
  sqflite_darwin: 20b2a3a3b70e43edae938624ce550a3cbf66a3d0
  TensorFlowLiteC: 215ef57653dd0fa09a474e7d94d79ae64a870b28
  TensorFlowLiteSelectTfOps: c71d7dcd063f5d66ae1b9a85cc5aa993f824eff9
  TensorFlowLiteSwift: 6de8da348de331778167a0f751ad74c41d8b0554

PODFILE CHECKSUM: dd0dec40ef97c4c5f60972586174ccb1a820ebc9

COCOAPODS: 1.16.2
